
Microsoft Visual Studio Solution File, Format Version 12.00
# Visual Studio Version 17
VisualStudioVersion = 17.5.002.0
MinimumVisualStudioVersion = 10.0.40219.1
Project("{9A19103F-16F7-4668-BE54-9A1E7A4F7556}") = "temperatura", "temperatura.csproj", "{E0A71090-7011-4191-A3EC-380AA6A35CD4}"
EndProject
Global
	GlobalSection(SolutionConfigurationPlatforms) = preSolution
		Debug|Any CPU = Debug|Any CPU
		Release|Any CPU = Release|Any CPU
	EndGlobalSection
	GlobalSection(ProjectConfigurationPlatforms) = postSolution
		{E0A71090-7011-4191-A3EC-380AA6A35CD4}.Debug|Any CPU.ActiveCfg = Debug|Any CPU
		{E0A71090-7011-4191-A3EC-380AA6A35CD4}.Debug|Any CPU.Build.0 = Debug|Any CPU
		{E0A71090-7011-4191-A3EC-380AA6A35CD4}.Release|Any CPU.ActiveCfg = Release|Any CPU
		{E0A71090-7011-4191-A3EC-380AA6A35CD4}.Release|Any CPU.Build.0 = Release|Any CPU
	EndGlobalSection
	GlobalSection(SolutionProperties) = preSolution
		HideSolutionNode = FALSE
	EndGlobalSection
	GlobalSection(ExtensibilityGlobals) = postSolution
		SolutionGuid = {821FC281-7232-4679-90B0-998739AC123D}
	EndGlobalSection
EndGlobal
