
Microsoft Visual Studio Solution File, Format Version 12.00
# Visual Studio Version 17
VisualStudioVersion = 17.5.002.0
MinimumVisualStudioVersion = 10.0.40219.1
Project("{9A19103F-16F7-4668-BE54-9A1E7A4F7556}") = "radio", "radio.csproj", "{AD37328B-28A7-4257-9DF6-7CECFF88791B}"
EndProject
Global
	GlobalSection(SolutionConfigurationPlatforms) = preSolution
		Debug|Any CPU = Debug|Any CPU
		Release|Any CPU = Release|Any CPU
	EndGlobalSection
	GlobalSection(ProjectConfigurationPlatforms) = postSolution
		{AD37328B-28A7-4257-9DF6-7CECFF88791B}.Debug|Any CPU.ActiveCfg = Debug|Any CPU
		{AD37328B-28A7-4257-9DF6-7CECFF88791B}.Debug|Any CPU.Build.0 = Debug|Any CPU
		{AD37328B-28A7-4257-9DF6-7CECFF88791B}.Release|Any CPU.ActiveCfg = Release|Any CPU
		{AD37328B-28A7-4257-9DF6-7CECFF88791B}.Release|Any CPU.Build.0 = Release|Any CPU
	EndGlobalSection
	GlobalSection(SolutionProperties) = preSolution
		HideSolutionNode = FALSE
	EndGlobalSection
	GlobalSection(ExtensibilityGlobals) = postSolution
		SolutionGuid = {CB808DCA-6040-4C71-9012-83FC17BAD696}
	EndGlobalSection
EndGlobal
